
Microsoft Visual Studio Solution File, Format Version 12.00
# Visual Studio Version 17
VisualStudioVersion = 17.14.36414.22
MinimumVisualStudioVersion = 10.0.40219.1
Project("{2150E333-8FDC-42A3-9474-1A3956D46DE8}") = "Task0", "Task0", "{02EA681E-C7D8-13C7-8484-4AC65E1B71E8}"
EndProject
Project("{FAE04EC0-301F-11D3-BF4B-00C04F79EFBC}") = "Tyuiu.SivolapEM.Sprint3.Task0.V9", "Tyuiu.SivolapEM.Sprint3.Task0.V9\Tyuiu.SivolapEM.Sprint3.Task0.V9.csproj", "{0EA9AA5F-FDC1-4538-B86D-11529A104094}"
EndProject
Project("{FAE04EC0-301F-11D3-BF4B-00C04F79EFBC}") = "Tyuiu.SivolapEM.Sprint3.Task0.V9.Lib", "Tyuiu.SivolapEM.Sprint3.Task0.V9.Lib\Tyuiu.SivolapEM.Sprint3.Task0.V9.Lib.csproj", "{1AC73448-F553-4BBF-B873-99E5C8F03539}"
EndProject
Project("{FAE04EC0-301F-11D3-BF4B-00C04F79EFBC}") = "Tyuiu.SivolapEM.Sprint3.Task0.V9.Test", "Tyuiu.SivolapEM.Sprint3.Task0.V9.Test\Tyuiu.SivolapEM.Sprint3.Task0.V9.Test.csproj", "{19035E1F-0F0F-4F04-A470-4CAD944AFE66}"
EndProject
Project("{2150E333-8FDC-42A3-9474-1A3956D46DE8}") = "Task1", "Task1", "{3D07C197-6981-4604-B605-050B59F0E3CE}"
EndProject
Project("{FAE04EC0-301F-11D3-BF4B-00C04F79EFBC}") = "Tyuiu.SivolapEM.Sprint3.Task1.V1", "Tyuiu.SivolapEM.Sprint3.Task1.V1\Tyuiu.SivolapEM.Sprint3.Task1.V1.csproj", "{25E39941-7DBC-49FD-B83E-658321C35018}"
EndProject
Project("{FAE04EC0-301F-11D3-BF4B-00C04F79EFBC}") = "Tyuiu.SivolapEM.Sprint3.Task1.V1.Test", "Tyuiu.SivolapEM.Sprint3.Task1.V1.Test\Tyuiu.SivolapEM.Sprint3.Task1.V1.Test.csproj", "{822F111B-4633-4D84-9FAC-4BDF37A58F84}"
EndProject
Project("{FAE04EC0-301F-11D3-BF4B-00C04F79EFBC}") = "Tyuiu.SivolapEM.Sprint3.Task1.V1.Lib", "Tyuiu.SivolapEM.Sprint3.Task1.V1.Lib\Tyuiu.SivolapEM.Sprint3.Task1.V1.Lib.csproj", "{F6868E4A-9D32-4D14-85B2-E1DB4A2076AF}"
EndProject
Project("{2150E333-8FDC-42A3-9474-1A3956D46DE8}") = "Task2", "Task2", "{1D05663D-1123-4BDC-85C2-310253A2DD67}"
EndProject
Project("{FAE04EC0-301F-11D3-BF4B-00C04F79EFBC}") = "Tyuiu.SivolapEM.Sprint3.Task2.V13", "Tyuiu.SivolapEM.Sprint3.Task2.V13\Tyuiu.SivolapEM.Sprint3.Task2.V13.csproj", "{7A6145AD-EEE8-4073-BE82-BD878590FF5F}"
EndProject
Project("{FAE04EC0-301F-11D3-BF4B-00C04F79EFBC}") = "Tyuiu.SivolapEM.Sprint3.Task2.V13.Lib", "Tyuiu.SivolapEM.Sprint3.Task2.V13.Lib\Tyuiu.SivolapEM.Sprint3.Task2.V13.Lib.csproj", "{F4B0C4DF-4B2D-4DB0-A1AC-6DD38CB84212}"
EndProject
Project("{FAE04EC0-301F-11D3-BF4B-00C04F79EFBC}") = "Tyuiu.SivolapEM.Sprint3.Task2.V13.Test", "Tyuiu.SivolapEM.Sprint3.Task2.V13.Test\Tyuiu.SivolapEM.Sprint3.Task2.V13.Test.csproj", "{873163A2-F203-4043-A19D-2BEA15B99618}"
EndProject
Project("{2150E333-8FDC-42A3-9474-1A3956D46DE8}") = "Task3", "Task3", "{DE5CA33D-CA1A-4E82-A324-8C4A137D0781}"
EndProject
Project("{FAE04EC0-301F-11D3-BF4B-00C04F79EFBC}") = "Tyuiu.SivolapEM.Sprint3.Task3.V10", "Tyuiu.SivolapEM.Sprint3.Task3.V10\Tyuiu.SivolapEM.Sprint3.Task3.V10.csproj", "{9598B54C-06DD-44DE-AD54-F10745A0F5BE}"
EndProject
Project("{FAE04EC0-301F-11D3-BF4B-00C04F79EFBC}") = "Tyuiu.SivolapEM.Sprint3.Task3.V10.Test", "Tyuiu.SivolapEM.Sprint3.Task3.V10.Test\Tyuiu.SivolapEM.Sprint3.Task3.V10.Test.csproj", "{806661C9-7AAB-4171-BFA8-9017DC2FE8EB}"
EndProject
Project("{FAE04EC0-301F-11D3-BF4B-00C04F79EFBC}") = "Tyuiu.SivolapEM.Sprint3.Task3.V10.Lib", "Tyuiu.SivolapEM.Sprint3.Task3.V10.Lib\Tyuiu.SivolapEM.Sprint3.Task3.V10.Lib.csproj", "{E5CE1DCF-C754-4732-94AB-A8A27D09BBE4}"
EndProject
Project("{2150E333-8FDC-42A3-9474-1A3956D46DE8}") = "Task4", "Task4", "{037CD111-D0DD-4B31-BB86-2939B3BC9F32}"
EndProject
Project("{FAE04EC0-301F-11D3-BF4B-00C04F79EFBC}") = "Tyuiu.SivolapEM.Sprint3.Task4.V12", "Tyuiu.SivolapEM.Sprint3.Task4.V12\Tyuiu.SivolapEM.Sprint3.Task4.V12.csproj", "{BDB3D368-1C92-4041-9343-490F2CFF41D7}"
EndProject
Project("{FAE04EC0-301F-11D3-BF4B-00C04F79EFBC}") = "Tyuiu.SivolapEM.Sprint3.Task4.V12.Lib", "Tyuiu.SivolapEM.Sprint3.Task4.V12.Lib\Tyuiu.SivolapEM.Sprint3.Task4.V12.Lib.csproj", "{5BF52573-5BE8-459E-A1C7-8C6D6582E943}"
EndProject
Project("{FAE04EC0-301F-11D3-BF4B-00C04F79EFBC}") = "Tyuiu.SivolapEM.Sprint3.Task4.V12.Test", "Tyuiu.SivolapEM.Sprint3.Task4.V12.Test\Tyuiu.SivolapEM.Sprint3.Task4.V12.Test.csproj", "{254232C9-252F-4B20-A0A0-CC5413272289}"
EndProject
Project("{2150E333-8FDC-42A3-9474-1A3956D46DE8}") = "Task5", "Task5", "{F8B746F1-29D4-4889-AA7A-0461D09D21B4}"
EndProject
Project("{FAE04EC0-301F-11D3-BF4B-00C04F79EFBC}") = "Tyuiu.SivolapEM.Sprint3.Task5.V8", "Tyuiu.SivolapEM.Sprint3.Task5.V8\Tyuiu.SivolapEM.Sprint3.Task5.V8.csproj", "{1A80722D-5E78-4D33-A823-AD8939E69BB5}"
EndProject
Project("{FAE04EC0-301F-11D3-BF4B-00C04F79EFBC}") = "Tyuiu.SivolapEM.Sprint3.Task5.V8.Lib", "Tyuiu.SivolapEM.Sprint3.Task5.V8.Lib\Tyuiu.SivolapEM.Sprint3.Task5.V8.Lib.csproj", "{2DB26744-8EA9-4369-8CCF-CF82D6E81126}"
EndProject
Project("{FAE04EC0-301F-11D3-BF4B-00C04F79EFBC}") = "Tyuiu.SivolapEM.Sprint3.Task5.V8.Test", "Tyuiu.SivolapEM.Sprint3.Task5.V8.Test\Tyuiu.SivolapEM.Sprint3.Task5.V8.Test.csproj", "{23917F1A-EDBA-4899-943A-4E3CD4715941}"
EndProject
Project("{2150E333-8FDC-42A3-9474-1A3956D46DE8}") = "Task6", "Task6", "{673063D0-8531-400D-B408-76FBCAC031BC}"
EndProject
Project("{FAE04EC0-301F-11D3-BF4B-00C04F79EFBC}") = "Tyuiu.SivolapEM.Sprint3.Task6.V16", "Tyuiu.SivolapEM.Sprint3.Task6.V16\Tyuiu.SivolapEM.Sprint3.Task6.V16.csproj", "{EF2C3689-CAC1-4921-94BD-F02CE51E2C0C}"
EndProject
Project("{FAE04EC0-301F-11D3-BF4B-00C04F79EFBC}") = "Tyuiu.SivolapEM.Sprint3.Task6.V16.Lib", "Tyuiu.SivolapEM.Sprint3.Task6.V16.Lib\Tyuiu.SivolapEM.Sprint3.Task6.V16.Lib.csproj", "{CBCCAFE4-66F8-49F3-984B-6D52EC0F37AE}"
EndProject
Project("{FAE04EC0-301F-11D3-BF4B-00C04F79EFBC}") = "Tyuiu.SivolapEM.Sprint3.Task6.V16.Test", "Tyuiu.SivolapEM.Sprint3.Task6.V16.Test\Tyuiu.SivolapEM.Sprint3.Task6.V16.Test.csproj", "{A1A27A00-279E-4ED0-BA54-BEA7C943CF33}"
EndProject
Global
	GlobalSection(SolutionConfigurationPlatforms) = preSolution
		Debug|Any CPU = Debug|Any CPU
		Release|Any CPU = Release|Any CPU
	EndGlobalSection
	GlobalSection(ProjectConfigurationPlatforms) = postSolution
		{0EA9AA5F-FDC1-4538-B86D-11529A104094}.Debug|Any CPU.ActiveCfg = Debug|Any CPU
		{0EA9AA5F-FDC1-4538-B86D-11529A104094}.Debug|Any CPU.Build.0 = Debug|Any CPU
		{0EA9AA5F-FDC1-4538-B86D-11529A104094}.Release|Any CPU.ActiveCfg = Release|Any CPU
		{0EA9AA5F-FDC1-4538-B86D-11529A104094}.Release|Any CPU.Build.0 = Release|Any CPU
		{1AC73448-F553-4BBF-B873-99E5C8F03539}.Debug|Any CPU.ActiveCfg = Debug|Any CPU
		{1AC73448-F553-4BBF-B873-99E5C8F03539}.Debug|Any CPU.Build.0 = Debug|Any CPU
		{1AC73448-F553-4BBF-B873-99E5C8F03539}.Release|Any CPU.ActiveCfg = Release|Any CPU
		{1AC73448-F553-4BBF-B873-99E5C8F03539}.Release|Any CPU.Build.0 = Release|Any CPU
		{19035E1F-0F0F-4F04-A470-4CAD944AFE66}.Debug|Any CPU.ActiveCfg = Debug|Any CPU
		{19035E1F-0F0F-4F04-A470-4CAD944AFE66}.Debug|Any CPU.Build.0 = Debug|Any CPU
		{19035E1F-0F0F-4F04-A470-4CAD944AFE66}.Release|Any CPU.ActiveCfg = Release|Any CPU
		{19035E1F-0F0F-4F04-A470-4CAD944AFE66}.Release|Any CPU.Build.0 = Release|Any CPU
		{25E39941-7DBC-49FD-B83E-658321C35018}.Debug|Any CPU.ActiveCfg = Debug|Any CPU
		{25E39941-7DBC-49FD-B83E-658321C35018}.Debug|Any CPU.Build.0 = Debug|Any CPU
		{25E39941-7DBC-49FD-B83E-658321C35018}.Release|Any CPU.ActiveCfg = Release|Any CPU
		{25E39941-7DBC-49FD-B83E-658321C35018}.Release|Any CPU.Build.0 = Release|Any CPU
		{822F111B-4633-4D84-9FAC-4BDF37A58F84}.Debug|Any CPU.ActiveCfg = Debug|Any CPU
		{822F111B-4633-4D84-9FAC-4BDF37A58F84}.Debug|Any CPU.Build.0 = Debug|Any CPU
		{822F111B-4633-4D84-9FAC-4BDF37A58F84}.Release|Any CPU.ActiveCfg = Release|Any CPU
		{822F111B-4633-4D84-9FAC-4BDF37A58F84}.Release|Any CPU.Build.0 = Release|Any CPU
		{F6868E4A-9D32-4D14-85B2-E1DB4A2076AF}.Debug|Any CPU.ActiveCfg = Debug|Any CPU
		{F6868E4A-9D32-4D14-85B2-E1DB4A2076AF}.Debug|Any CPU.Build.0 = Debug|Any CPU
		{F6868E4A-9D32-4D14-85B2-E1DB4A2076AF}.Release|Any CPU.ActiveCfg = Release|Any CPU
		{F6868E4A-9D32-4D14-85B2-E1DB4A2076AF}.Release|Any CPU.Build.0 = Release|Any CPU
		{7A6145AD-EEE8-4073-BE82-BD878590FF5F}.Debug|Any CPU.ActiveCfg = Debug|Any CPU
		{7A6145AD-EEE8-4073-BE82-BD878590FF5F}.Debug|Any CPU.Build.0 = Debug|Any CPU
		{7A6145AD-EEE8-4073-BE82-BD878590FF5F}.Release|Any CPU.ActiveCfg = Release|Any CPU
		{7A6145AD-EEE8-4073-BE82-BD878590FF5F}.Release|Any CPU.Build.0 = Release|Any CPU
		{F4B0C4DF-4B2D-4DB0-A1AC-6DD38CB84212}.Debug|Any CPU.ActiveCfg = Debug|Any CPU
		{F4B0C4DF-4B2D-4DB0-A1AC-6DD38CB84212}.Debug|Any CPU.Build.0 = Debug|Any CPU
		{F4B0C4DF-4B2D-4DB0-A1AC-6DD38CB84212}.Release|Any CPU.ActiveCfg = Release|Any CPU
		{F4B0C4DF-4B2D-4DB0-A1AC-6DD38CB84212}.Release|Any CPU.Build.0 = Release|Any CPU
		{873163A2-F203-4043-A19D-2BEA15B99618}.Debug|Any CPU.ActiveCfg = Debug|Any CPU
		{873163A2-F203-4043-A19D-2BEA15B99618}.Debug|Any CPU.Build.0 = Debug|Any CPU
		{873163A2-F203-4043-A19D-2BEA15B99618}.Release|Any CPU.ActiveCfg = Release|Any CPU
		{873163A2-F203-4043-A19D-2BEA15B99618}.Release|Any CPU.Build.0 = Release|Any CPU
		{9598B54C-06DD-44DE-AD54-F10745A0F5BE}.Debug|Any CPU.ActiveCfg = Debug|Any CPU
		{9598B54C-06DD-44DE-AD54-F10745A0F5BE}.Debug|Any CPU.Build.0 = Debug|Any CPU
		{9598B54C-06DD-44DE-AD54-F10745A0F5BE}.Release|Any CPU.ActiveCfg = Release|Any CPU
		{9598B54C-06DD-44DE-AD54-F10745A0F5BE}.Release|Any CPU.Build.0 = Release|Any CPU
		{806661C9-7AAB-4171-BFA8-9017DC2FE8EB}.Debug|Any CPU.ActiveCfg = Debug|Any CPU
		{806661C9-7AAB-4171-BFA8-9017DC2FE8EB}.Debug|Any CPU.Build.0 = Debug|Any CPU
		{806661C9-7AAB-4171-BFA8-9017DC2FE8EB}.Release|Any CPU.ActiveCfg = Release|Any CPU
		{806661C9-7AAB-4171-BFA8-9017DC2FE8EB}.Release|Any CPU.Build.0 = Release|Any CPU
		{E5CE1DCF-C754-4732-94AB-A8A27D09BBE4}.Debug|Any CPU.ActiveCfg = Debug|Any CPU
		{E5CE1DCF-C754-4732-94AB-A8A27D09BBE4}.Debug|Any CPU.Build.0 = Debug|Any CPU
		{E5CE1DCF-C754-4732-94AB-A8A27D09BBE4}.Release|Any CPU.ActiveCfg = Release|Any CPU
		{E5CE1DCF-C754-4732-94AB-A8A27D09BBE4}.Release|Any CPU.Build.0 = Release|Any CPU
		{BDB3D368-1C92-4041-9343-490F2CFF41D7}.Debug|Any CPU.ActiveCfg = Debug|Any CPU
		{BDB3D368-1C92-4041-9343-490F2CFF41D7}.Debug|Any CPU.Build.0 = Debug|Any CPU
		{BDB3D368-1C92-4041-9343-490F2CFF41D7}.Release|Any CPU.ActiveCfg = Release|Any CPU
		{BDB3D368-1C92-4041-9343-490F2CFF41D7}.Release|Any CPU.Build.0 = Release|Any CPU
		{5BF52573-5BE8-459E-A1C7-8C6D6582E943}.Debug|Any CPU.ActiveCfg = Debug|Any CPU
		{5BF52573-5BE8-459E-A1C7-8C6D6582E943}.Debug|Any CPU.Build.0 = Debug|Any CPU
		{5BF52573-5BE8-459E-A1C7-8C6D6582E943}.Release|Any CPU.ActiveCfg = Release|Any CPU
		{5BF52573-5BE8-459E-A1C7-8C6D6582E943}.Release|Any CPU.Build.0 = Release|Any CPU
		{254232C9-252F-4B20-A0A0-CC5413272289}.Debug|Any CPU.ActiveCfg = Debug|Any CPU
		{254232C9-252F-4B20-A0A0-CC5413272289}.Debug|Any CPU.Build.0 = Debug|Any CPU
		{254232C9-252F-4B20-A0A0-CC5413272289}.Release|Any CPU.ActiveCfg = Release|Any CPU
		{254232C9-252F-4B20-A0A0-CC5413272289}.Release|Any CPU.Build.0 = Release|Any CPU
		{1A80722D-5E78-4D33-A823-AD8939E69BB5}.Debug|Any CPU.ActiveCfg = Debug|Any CPU
		{1A80722D-5E78-4D33-A823-AD8939E69BB5}.Debug|Any CPU.Build.0 = Debug|Any CPU
		{1A80722D-5E78-4D33-A823-AD8939E69BB5}.Release|Any CPU.ActiveCfg = Release|Any CPU
		{1A80722D-5E78-4D33-A823-AD8939E69BB5}.Release|Any CPU.Build.0 = Release|Any CPU
		{2DB26744-8EA9-4369-8CCF-CF82D6E81126}.Debug|Any CPU.ActiveCfg = Debug|Any CPU
		{2DB26744-8EA9-4369-8CCF-CF82D6E81126}.Debug|Any CPU.Build.0 = Debug|Any CPU
		{2DB26744-8EA9-4369-8CCF-CF82D6E81126}.Release|Any CPU.ActiveCfg = Release|Any CPU
		{2DB26744-8EA9-4369-8CCF-CF82D6E81126}.Release|Any CPU.Build.0 = Release|Any CPU
		{23917F1A-EDBA-4899-943A-4E3CD4715941}.Debug|Any CPU.ActiveCfg = Debug|Any CPU
		{23917F1A-EDBA-4899-943A-4E3CD4715941}.Debug|Any CPU.Build.0 = Debug|Any CPU
		{23917F1A-EDBA-4899-943A-4E3CD4715941}.Release|Any CPU.ActiveCfg = Release|Any CPU
		{23917F1A-EDBA-4899-943A-4E3CD4715941}.Release|Any CPU.Build.0 = Release|Any CPU
		{EF2C3689-CAC1-4921-94BD-F02CE51E2C0C}.Debug|Any CPU.ActiveCfg = Debug|Any CPU
		{EF2C3689-CAC1-4921-94BD-F02CE51E2C0C}.Debug|Any CPU.Build.0 = Debug|Any CPU
		{EF2C3689-CAC1-4921-94BD-F02CE51E2C0C}.Release|Any CPU.ActiveCfg = Release|Any CPU
		{EF2C3689-CAC1-4921-94BD-F02CE51E2C0C}.Release|Any CPU.Build.0 = Release|Any CPU
		{CBCCAFE4-66F8-49F3-984B-6D52EC0F37AE}.Debug|Any CPU.ActiveCfg = Debug|Any CPU
		{CBCCAFE4-66F8-49F3-984B-6D52EC0F37AE}.Debug|Any CPU.Build.0 = Debug|Any CPU
		{CBCCAFE4-66F8-49F3-984B-6D52EC0F37AE}.Release|Any CPU.ActiveCfg = Release|Any CPU
		{CBCCAFE4-66F8-49F3-984B-6D52EC0F37AE}.Release|Any CPU.Build.0 = Release|Any CPU
		{A1A27A00-279E-4ED0-BA54-BEA7C943CF33}.Debug|Any CPU.ActiveCfg = Debug|Any CPU
		{A1A27A00-279E-4ED0-BA54-BEA7C943CF33}.Debug|Any CPU.Build.0 = Debug|Any CPU
		{A1A27A00-279E-4ED0-BA54-BEA7C943CF33}.Release|Any CPU.ActiveCfg = Release|Any CPU
		{A1A27A00-279E-4ED0-BA54-BEA7C943CF33}.Release|Any CPU.Build.0 = Release|Any CPU
	EndGlobalSection
	GlobalSection(SolutionProperties) = preSolution
		HideSolutionNode = FALSE
	EndGlobalSection
	GlobalSection(NestedProjects) = preSolution
		{0EA9AA5F-FDC1-4538-B86D-11529A104094} = {02EA681E-C7D8-13C7-8484-4AC65E1B71E8}
		{1AC73448-F553-4BBF-B873-99E5C8F03539} = {02EA681E-C7D8-13C7-8484-4AC65E1B71E8}
		{19035E1F-0F0F-4F04-A470-4CAD944AFE66} = {02EA681E-C7D8-13C7-8484-4AC65E1B71E8}
		{25E39941-7DBC-49FD-B83E-658321C35018} = {3D07C197-6981-4604-B605-050B59F0E3CE}
		{822F111B-4633-4D84-9FAC-4BDF37A58F84} = {3D07C197-6981-4604-B605-050B59F0E3CE}
		{F6868E4A-9D32-4D14-85B2-E1DB4A2076AF} = {3D07C197-6981-4604-B605-050B59F0E3CE}
		{7A6145AD-EEE8-4073-BE82-BD878590FF5F} = {1D05663D-1123-4BDC-85C2-310253A2DD67}
		{F4B0C4DF-4B2D-4DB0-A1AC-6DD38CB84212} = {1D05663D-1123-4BDC-85C2-310253A2DD67}
		{873163A2-F203-4043-A19D-2BEA15B99618} = {1D05663D-1123-4BDC-85C2-310253A2DD67}
		{9598B54C-06DD-44DE-AD54-F10745A0F5BE} = {DE5CA33D-CA1A-4E82-A324-8C4A137D0781}
		{806661C9-7AAB-4171-BFA8-9017DC2FE8EB} = {DE5CA33D-CA1A-4E82-A324-8C4A137D0781}
		{E5CE1DCF-C754-4732-94AB-A8A27D09BBE4} = {DE5CA33D-CA1A-4E82-A324-8C4A137D0781}
		{BDB3D368-1C92-4041-9343-490F2CFF41D7} = {037CD111-D0DD-4B31-BB86-2939B3BC9F32}
		{5BF52573-5BE8-459E-A1C7-8C6D6582E943} = {037CD111-D0DD-4B31-BB86-2939B3BC9F32}
		{254232C9-252F-4B20-A0A0-CC5413272289} = {037CD111-D0DD-4B31-BB86-2939B3BC9F32}
		{1A80722D-5E78-4D33-A823-AD8939E69BB5} = {F8B746F1-29D4-4889-AA7A-0461D09D21B4}
		{2DB26744-8EA9-4369-8CCF-CF82D6E81126} = {F8B746F1-29D4-4889-AA7A-0461D09D21B4}
		{23917F1A-EDBA-4899-943A-4E3CD4715941} = {F8B746F1-29D4-4889-AA7A-0461D09D21B4}
		{EF2C3689-CAC1-4921-94BD-F02CE51E2C0C} = {673063D0-8531-400D-B408-76FBCAC031BC}
		{CBCCAFE4-66F8-49F3-984B-6D52EC0F37AE} = {673063D0-8531-400D-B408-76FBCAC031BC}
		{A1A27A00-279E-4ED0-BA54-BEA7C943CF33} = {673063D0-8531-400D-B408-76FBCAC031BC}
	EndGlobalSection
	GlobalSection(ExtensibilityGlobals) = postSolution
		SolutionGuid = {CBE2E9A7-DDB5-460B-AE89-25F6E8A34E59}
	EndGlobalSection
EndGlobal
